dependencies:
- name: cert-manager
  repository: oci://quay.io/jetstack/charts
  version: v1.18.2
- name: ingress-nginx
  repository: https://kubernetes.github.io/ingress-nginx
  version: 4.13.0
digest: sha256:cb90a087989b8a2799772482f61ab482433edf47319670fb258a8321d48038e8
generated: "2025-08-06T18:01:46.839716-04:00"
