dependencies:
- name: cert-manager
  repository: oci://quay.io/jetstack/charts
  version: v1.18.2
- name: ingress-nginx
  repository: https://kubernetes.github.io/ingress-nginx
  version: 4.14.2
digest: sha256:49eb5d17f32e0e2768c86d54f783ed1e5038dde7be4867491c6e59156cb0ccd6
generated: "2026-01-27T14:51:03.197546299Z"
